<?xml version="1.0" encoding="utf-8"?>
<Project ToolsVersion="4.0" xmlns="http://schemas.microsoft.com/developer/msbuild/2003">
  <ItemGroup>
    <Filter Include="源文件">
      <UniqueIdentifier>{4FC737F1-C7A5-4376-A066-2A32D752A2FF}</UniqueIdentifier>
      <Extensions>cpp;c;cc;cxx;def;odl;idl;hpj;bat;asm;asmx</Extensions>
    </Filter>
    <Filter Include="头文件">
      <UniqueIdentifier>{93995380-89BD-4b04-88EB-625FBE52EBFB}</UniqueIdentifier>
      <Extensions>h;hpp;hxx;hm;inl;inc;xsd</Extensions>
    </Filter>
    <Filter Include="资源文件">
      <UniqueIdentifier>{67DA6AB6-F800-4c08-8B7A-83BB121AAD01}</UniqueIdentifier>
      <Extensions>rc;ico;cur;bmp;dlg;rc2;rct;bin;rgs;gif;jpg;jpeg;jpe;resx;tiff;tif;png;wav;mfcribbon-ms</Extensions>
    </Filter>
    <Filter Include="头文件\Control">
      <UniqueIdentifier>{5e88127a-8f73-468f-a4ab-ee2345584977}</UniqueIdentifier>
    </Filter>
    <Filter Include="头文件\Core">
      <UniqueIdentifier>{fc51b411-f454-41f1-af76-d3542471d482}</UniqueIdentifier>
    </Filter>
    <Filter Include="头文件\Layout">
      <UniqueIdentifier>{919065ce-8617-4526-b013-0ba822620a43}</UniqueIdentifier>
    </Filter>
    <Filter Include="头文件\Utils">
      <UniqueIdentifier>{9e37f195-6935-417d-a05a-1fbdba321099}</UniqueIdentifier>
    </Filter>
    <Filter Include="源文件\Control">
      <UniqueIdentifier>{bd6e27d7-eb81-471b-889f-01dca417a66e}</UniqueIdentifier>
    </Filter>
    <Filter Include="源文件\Core">
      <UniqueIdentifier>{1d88a125-1d18-4b0b-9074-05e9a35de31f}</UniqueIdentifier>
    </Filter>
    <Filter Include="源文件\Layout">
      <UniqueIdentifier>{0ac1c8e9-07a9-4554-a948-2ca4291594c9}</UniqueIdentifier>
    </Filter>
    <Filter Include="源文件\Utils">
      <UniqueIdentifier>{bcc81328-31a7-42b3-9be0-3a754714144a}</UniqueIdentifier>
    </Filter>
  </ItemGroup>
  <ItemGroup>
    <None Include="ReadMe.txt" />
    <None Include="..\..\include\UiLib\Utils\flash11.tlh">
      <Filter>头文件\Utils</Filter>
    </None>
  </ItemGroup>
  <ItemGroup>
    <ClInclude Include="stdafx.h">
      <Filter>头文件</Filter>
    </ClInclude>
    <ClInclude Include="targetver.h">
      <Filter>头文件</Filter>
    </ClInclude>
    <ClInclude Include="..\..\include\UiLib\Control\ListTestCtrl.h">
      <Filter>头文件\Control</Filter>
    </ClInclude>
    <ClInclude Include="..\..\include\UiLib\Control\UIActiveX.h">
      <Filter>头文件\Control</Filter>
    </ClInclude>
    <ClInclude Include="..\..\include\UiLib\Control\UIAnimation.h">
      <Filter>头文件\Control</Filter>
    </ClInclude>
    <ClInclude Include="..\..\include\UiLib\Control\UIButton.h">
      <Filter>头文件\Control</Filter>
    </ClInclude>
    <ClInclude Include="..\..\include\UiLib\Control\UIChartView.h">
      <Filter>头文件\Control</Filter>
    </ClInclude>
    <ClInclude Include="..\..\include\UiLib\Control\UICheckBox.h">
      <Filter>头文件\Control</Filter>
    </ClInclude>
    <ClInclude Include="..\..\include\UiLib\Control\UICombo.h">
      <Filter>头文件\Control</Filter>
    </ClInclude>
    <ClInclude Include="..\..\include\UiLib\Control\UIComboBox.h">
      <Filter>头文件\Control</Filter>
    </ClInclude>
    <ClInclude Include="..\..\include\UiLib\Control\UIDateTime.h">
      <Filter>头文件\Control</Filter>
    </ClInclude>
    <ClInclude Include="..\..\include\UiLib\Control\UIEdit.h">
      <Filter>头文件\Control</Filter>
    </ClInclude>
    <ClInclude Include="..\..\include\UiLib\Control\UIFadeButton.h">
      <Filter>头文件\Control</Filter>
    </ClInclude>
    <ClInclude Include="..\..\include\UiLib\Control\UIFlash.h">
      <Filter>头文件\Control</Filter>
    </ClInclude>
    <ClInclude Include="..\..\include\UiLib\Control\UIGifAnim.h">
      <Filter>头文件\Control</Filter>
    </ClInclude>
    <ClInclude Include="..\..\include\UiLib\Control\UILabel.h">
      <Filter>头文件\Control</Filter>
    </ClInclude>
    <ClInclude Include="..\..\include\UiLib\Control\UIList.h">
      <Filter>头文件\Control</Filter>
    </ClInclude>
    <ClInclude Include="..\..\include\UiLib\Control\UIMenu.h">
      <Filter>头文件\Control</Filter>
    </ClInclude>
    <ClInclude Include="..\..\include\UiLib\Control\UIOption.h">
      <Filter>头文件\Control</Filter>
    </ClInclude>
    <ClInclude Include="..\..\include\UiLib\Control\UIProgress.h">
      <Filter>头文件\Control</Filter>
    </ClInclude>
    <ClInclude Include="..\..\include\UiLib\Control\UIRichEdit.h">
      <Filter>头文件\Control</Filter>
    </ClInclude>
    <ClInclude Include="..\..\include\UiLib\Control\UIScrollBar.h">
      <Filter>头文件\Control</Filter>
    </ClInclude>
    <ClInclude Include="..\..\include\UiLib\Control\UISlider.h">
      <Filter>头文件\Control</Filter>
    </ClInclude>
    <ClInclude Include="..\..\include\UiLib\Control\UIText.h">
      <Filter>头文件\Control</Filter>
    </ClInclude>
    <ClInclude Include="..\..\include\UiLib\Control\UITreeView.h">
      <Filter>头文件\Control</Filter>
    </ClInclude>
    <ClInclude Include="..\..\include\UiLib\Control\UIVerticalLayoutUIProjectBtn.h">
      <Filter>头文件\Control</Filter>
    </ClInclude>
    <ClInclude Include="..\..\include\UiLib\Control\UIWebBrowser.h">
      <Filter>头文件\Control</Filter>
    </ClInclude>
    <ClInclude Include="..\..\include\UiLib\Core\UIBase.h">
      <Filter>头文件\Core</Filter>
    </ClInclude>
    <ClInclude Include="..\..\include\UiLib\Core\UIContainer.h">
      <Filter>头文件\Core</Filter>
    </ClInclude>
    <ClInclude Include="..\..\include\UiLib\Core\UIControl.h">
      <Filter>头文件\Core</Filter>
    </ClInclude>
    <ClInclude Include="..\..\include\UiLib\Core\UIDefine.h">
      <Filter>头文件\Core</Filter>
    </ClInclude>
    <ClInclude Include="..\..\include\UiLib\Core\UIDlgBuilder.h">
      <Filter>头文件\Core</Filter>
    </ClInclude>
    <ClInclude Include="..\..\include\UiLib\Core\UIDxAnimation.h">
      <Filter>头文件\Core</Filter>
    </ClInclude>
    <ClInclude Include="..\..\include\UiLib\Core\UIManager.h">
      <Filter>头文件\Core</Filter>
    </ClInclude>
    <ClInclude Include="..\..\include\UiLib\Core\UIMarkup.h">
      <Filter>头文件\Core</Filter>
    </ClInclude>
    <ClInclude Include="..\..\include\UiLib\Core\UIRender.h">
      <Filter>头文件\Core</Filter>
    </ClInclude>
    <ClInclude Include="..\..\include\UiLib\Core\UITimer.h">
      <Filter>头文件\Core</Filter>
    </ClInclude>
    <ClInclude Include="..\..\include\UiLib\Layout\UIAnimationTabLayout.h">
      <Filter>头文件\Layout</Filter>
    </ClInclude>
    <ClInclude Include="..\..\include\UiLib\Layout\UIChildLayout.h">
      <Filter>头文件\Layout</Filter>
    </ClInclude>
    <ClInclude Include="..\..\include\UiLib\Layout\UIHorizontalLayout.h">
      <Filter>头文件\Layout</Filter>
    </ClInclude>
    <ClInclude Include="..\..\include\UiLib\Layout\UITabLayout.h">
      <Filter>头文件\Layout</Filter>
    </ClInclude>
    <ClInclude Include="..\..\include\UiLib\Layout\UITileLayout.h">
      <Filter>头文件\Layout</Filter>
    </ClInclude>
    <ClInclude Include="..\..\include\UiLib\Layout\UIVerticalLayout.h">
      <Filter>头文件\Layout</Filter>
    </ClInclude>
    <ClInclude Include="..\..\include\UiLib\Utils\downloadmgr.h">
      <Filter>头文件\Utils</Filter>
    </ClInclude>
    <ClInclude Include="..\..\include\UiLib\Utils\DuiAutoComplete.h">
      <Filter>头文件\Utils</Filter>
    </ClInclude>
    <ClInclude Include="..\..\include\UiLib\Utils\DuiPointer.h">
      <Filter>头文件\Utils</Filter>
    </ClInclude>
    <ClInclude Include="..\..\include\UiLib\Utils\DuiTrayIcon.h">
      <Filter>头文件\Utils</Filter>
    </ClInclude>
    <ClInclude Include="..\..\include\UiLib\Utils\FlashEventHandler.h">
      <Filter>头文件\Utils</Filter>
    </ClInclude>
    <ClInclude Include="..\..\include\UiLib\Utils\Internal.h">
      <Filter>头文件\Utils</Filter>
    </ClInclude>
    <ClInclude Include="..\..\include\UiLib\Utils\IWindowBase.h">
      <Filter>头文件\Utils</Filter>
    </ClInclude>
    <ClInclude Include="..\..\include\UiLib\Utils\UIDelegate.h">
      <Filter>头文件\Utils</Filter>
    </ClInclude>
    <ClInclude Include="..\..\include\UiLib\Utils\UIShadow.h">
      <Filter>头文件\Utils</Filter>
    </ClInclude>
    <ClInclude Include="..\..\include\UiLib\Utils\Utils.h">
      <Filter>头文件\Utils</Filter>
    </ClInclude>
    <ClInclude Include="..\..\include\UiLib\Utils\WebBrowserEventHandler.h">
      <Filter>头文件\Utils</Filter>
    </ClInclude>
    <ClInclude Include="..\..\include\UiLib\Utils\WinImplBase.h">
      <Filter>头文件\Utils</Filter>
    </ClInclude>
    <ClInclude Include="..\..\include\UiLib\CDuiDelegateDlg.h">
      <Filter>头文件</Filter>
    </ClInclude>
    <ClInclude Include="..\..\include\UiLib\CDuiDialog.h">
      <Filter>头文件</Filter>
    </ClInclude>
    <ClInclude Include="..\..\include\UiLib\UIlib.h">
      <Filter>头文件</Filter>
    </ClInclude>
    <ClInclude Include="..\..\include\UiLib\UiLibDefine.h">
      <Filter>头文件</Filter>
    </ClInclude>
    <ClInclude Include="..\..\include\UiLib\CAsyncMsgDialog.h">
      <Filter>头文件</Filter>
    </ClInclude>
    <ClInclude Include="..\..\include\UiLib\CUiLibWnd.h">
      <Filter>头文件</Filter>
    </ClInclude>
    <ClInclude Include="..\..\include\UiLib\Control\Barcode.hpp">
      <Filter>头文件\Control</Filter>
    </ClInclude>
    <ClInclude Include="..\..\include\UiLib\Control\UIBarcode.h">
      <Filter>头文件\Control</Filter>
    </ClInclude>
  </ItemGroup>
  <ItemGroup>
    <ClCompile Include="stdafx.cpp">
      <Filter>源文件</Filter>
    </ClCompile>
    <ClCompile Include="UiLib.cpp">
      <Filter>源文件</Filter>
    </ClCompile>
    <ClCompile Include="Control\ListTestCtrl.cpp">
      <Filter>源文件\Control</Filter>
    </ClCompile>
    <ClCompile Include="Control\UIActiveX.cpp">
      <Filter>源文件\Control</Filter>
    </ClCompile>
    <ClCompile Include="Control\UIAnimation.cpp">
      <Filter>源文件\Control</Filter>
    </ClCompile>
    <ClCompile Include="Control\UIButton.cpp">
      <Filter>源文件\Control</Filter>
    </ClCompile>
    <ClCompile Include="Control\UIChartView.cpp">
      <Filter>源文件\Control</Filter>
    </ClCompile>
    <ClCompile Include="Control\UICheckBox.cpp">
      <Filter>源文件\Control</Filter>
    </ClCompile>
    <ClCompile Include="Control\UICombo.cpp">
      <Filter>源文件\Control</Filter>
    </ClCompile>
    <ClCompile Include="Control\UIComboBox.cpp">
      <Filter>源文件\Control</Filter>
    </ClCompile>
    <ClCompile Include="Control\UIDateTime.cpp">
      <Filter>源文件\Control</Filter>
    </ClCompile>
    <ClCompile Include="Control\UIEdit.cpp">
      <Filter>源文件\Control</Filter>
    </ClCompile>
    <ClCompile Include="Control\UIFadeButton.cpp">
      <Filter>源文件\Control</Filter>
    </ClCompile>
    <ClCompile Include="Control\UIFlash.cpp">
      <Filter>源文件\Control</Filter>
    </ClCompile>
    <ClCompile Include="Control\UIGifAnim.cpp">
      <Filter>源文件\Control</Filter>
    </ClCompile>
    <ClCompile Include="Control\UILabel.cpp">
      <Filter>源文件\Control</Filter>
    </ClCompile>
    <ClCompile Include="Control\UIList.cpp">
      <Filter>源文件\Control</Filter>
    </ClCompile>
    <ClCompile Include="Control\UIMenu.cpp">
      <Filter>源文件\Control</Filter>
    </ClCompile>
    <ClCompile Include="Control\UIOption.cpp">
      <Filter>源文件\Control</Filter>
    </ClCompile>
    <ClCompile Include="Control\UIProgress.cpp">
      <Filter>源文件\Control</Filter>
    </ClCompile>
    <ClCompile Include="Control\UIRichEdit.cpp">
      <Filter>源文件\Control</Filter>
    </ClCompile>
    <ClCompile Include="Control\UIScrollBar.cpp">
      <Filter>源文件\Control</Filter>
    </ClCompile>
    <ClCompile Include="Control\UISlider.cpp">
      <Filter>源文件\Control</Filter>
    </ClCompile>
    <ClCompile Include="Control\UIText.cpp">
      <Filter>源文件\Control</Filter>
    </ClCompile>
    <ClCompile Include="Control\UITreeView.cpp">
      <Filter>源文件\Control</Filter>
    </ClCompile>
    <ClCompile Include="Control\UIVerticalLayoutUIProjectBtn.cpp">
      <Filter>源文件\Control</Filter>
    </ClCompile>
    <ClCompile Include="Control\UIWebBrowser.cpp">
      <Filter>源文件\Control</Filter>
    </ClCompile>
    <ClCompile Include="Core\UIBase.cpp">
      <Filter>源文件\Core</Filter>
    </ClCompile>
    <ClCompile Include="Core\UIContainer.cpp">
      <Filter>源文件\Core</Filter>
    </ClCompile>
    <ClCompile Include="Core\UIControl.cpp">
      <Filter>源文件\Core</Filter>
    </ClCompile>
    <ClCompile Include="Core\UIDlgBuilder.cpp">
      <Filter>源文件\Core</Filter>
    </ClCompile>
    <ClCompile Include="Core\UIDxAnimation.cpp">
      <Filter>源文件\Core</Filter>
    </ClCompile>
    <ClCompile Include="Core\UIManager.cpp">
      <Filter>源文件\Core</Filter>
    </ClCompile>
    <ClCompile Include="Core\UIMarkup.cpp">
      <Filter>源文件\Core</Filter>
    </ClCompile>
    <ClCompile Include="Core\UIRender.cpp">
      <Filter>源文件\Core</Filter>
    </ClCompile>
    <ClCompile Include="Core\UITimer.cpp">
      <Filter>源文件\Core</Filter>
    </ClCompile>
    <ClCompile Include="Layout\UIAnimationTabLayout.cpp">
      <Filter>源文件\Layout</Filter>
    </ClCompile>
    <ClCompile Include="Layout\UIChildLayout.cpp">
      <Filter>源文件\Layout</Filter>
    </ClCompile>
    <ClCompile Include="Layout\UIHorizontalLayout.cpp">
      <Filter>源文件\Layout</Filter>
    </ClCompile>
    <ClCompile Include="Layout\UITabLayout.cpp">
      <Filter>源文件\Layout</Filter>
    </ClCompile>
    <ClCompile Include="Layout\UITileLayout.cpp">
      <Filter>源文件\Layout</Filter>
    </ClCompile>
    <ClCompile Include="Layout\UIVerticalLayout.cpp">
      <Filter>源文件\Layout</Filter>
    </ClCompile>
    <ClCompile Include="Utils\DuiAutoComplete.cpp">
      <Filter>源文件\Utils</Filter>
    </ClCompile>
    <ClCompile Include="Utils\DuiTrayIcon.cpp">
      <Filter>源文件\Utils</Filter>
    </ClCompile>
    <ClCompile Include="Utils\IWindowBase.cpp">
      <Filter>源文件\Utils</Filter>
    </ClCompile>
    <ClCompile Include="Utils\stb_image.c">
      <Filter>源文件\Utils</Filter>
    </ClCompile>
    <ClCompile Include="Utils\UIDelegate.cpp">
      <Filter>源文件\Utils</Filter>
    </ClCompile>
    <ClCompile Include="Utils\UIShadow.cpp">
      <Filter>源文件\Utils</Filter>
    </ClCompile>
    <ClCompile Include="Utils\Utils.cpp">
      <Filter>源文件\Utils</Filter>
    </ClCompile>
    <ClCompile Include="Utils\WinImplBase.cpp">
      <Filter>源文件\Utils</Filter>
    </ClCompile>
    <ClCompile Include="Utils\XUnzip.cpp">
      <Filter>源文件\Utils</Filter>
    </ClCompile>
    <ClCompile Include="CDuiDelegateDlg.cpp">
      <Filter>源文件</Filter>
    </ClCompile>
    <ClCompile Include="CDuiDialog.cpp">
      <Filter>源文件</Filter>
    </ClCompile>
    <ClCompile Include="CAsyncMsgDialog.cpp">
      <Filter>源文件</Filter>
    </ClCompile>
    <ClCompile Include="JGW_AsyncWndMessage.cpp">
      <Filter>源文件</Filter>
    </ClCompile>
    <ClCompile Include="CUiLibWnd.cpp">
      <Filter>源文件</Filter>
    </ClCompile>
    <ClCompile Include="Control\UIBarcode.cpp">
      <Filter>源文件\Control</Filter>
    </ClCompile>
    <ClCompile Include="Control\Barcode.cpp">
      <Filter>源文件\Control</Filter>
    </ClCompile>
  </ItemGroup>
</Project>