<?xml version="1.0" encoding="utf-8"?>
<Project ToolsVersion="4.0" xmlns="http://schemas.microsoft.com/developer/msbuild/2003">
  <ItemGroup>
    <Filter Include="源文件">
      <UniqueIdentifier>{4FC737F1-C7A5-4376-A066-2A32D752A2FF}</UniqueIdentifier>
      <Extensions>cpp;c;cc;cxx;def;odl;idl;hpj;bat;asm;asmx</Extensions>
    </Filter>
    <Filter Include="头文件">
      <UniqueIdentifier>{93995380-89BD-4b04-88EB-625FBE52EBFB}</UniqueIdentifier>
      <Extensions>h;hpp;hxx;hm;inl;inc;xsd</Extensions>
    </Filter>
    <Filter Include="资源文件">
      <UniqueIdentifier>{67DA6AB6-F800-4c08-8B7A-83BB121AAD01}</UniqueIdentifier>
      <Extensions>rc;ico;cur;bmp;dlg;rc2;rct;bin;rgs;gif;jpg;jpeg;jpe;resx;tiff;tif;png;wav;mfcribbon-ms</Extensions>
    </Filter>
    <Filter Include="usb">
      <UniqueIdentifier>{c06e6c99-b14b-4295-92f2-d7fbce462369}</UniqueIdentifier>
    </Filter>
    <Filter Include="usb_config">
      <UniqueIdentifier>{4328b5ff-8ed8-49a3-b8fd-1f4d714460ee}</UniqueIdentifier>
    </Filter>
  </ItemGroup>
  <ItemGroup>
    <None Include="ReadMe.txt" />
  </ItemGroup>
  <ItemGroup>
    <ClInclude Include="stdafx.h">
      <Filter>头文件</Filter>
    </ClInclude>
    <ClInclude Include="targetver.h">
      <Filter>头文件</Filter>
    </ClInclude>
    <ClInclude Include="usb\usb100.h">
      <Filter>usb</Filter>
    </ClInclude>
    <ClInclude Include="usb\usbdesc.h">
      <Filter>usb</Filter>
    </ClInclude>
    <ClInclude Include="usb\usbdi.h">
      <Filter>usb</Filter>
    </ClInclude>
    <ClInclude Include="usb\usbioctl.h">
      <Filter>usb</Filter>
    </ClInclude>
    <ClInclude Include="usb\vndrlist.h">
      <Filter>usb</Filter>
    </ClInclude>
    <ClInclude Include="CJGW_DevicePoolThread.h">
      <Filter>头文件</Filter>
    </ClInclude>
    <ClInclude Include="CJGW_USBEnumerator.h">
      <Filter>头文件</Filter>
    </ClInclude>
    <ClInclude Include="..\JGW_DevicePool\usb_config\CJGW_FilteUsbConfig.h">
      <Filter>usb_config</Filter>
    </ClInclude>
    <ClInclude Include="..\JGW_DevicePool\usb_config\CJGW_UsbConfig.h">
      <Filter>usb_config</Filter>
    </ClInclude>
    <ClInclude Include="..\JGW_DevicePool\usb_config\usb_config_define.h">
      <Filter>usb_config</Filter>
    </ClInclude>
    <ClInclude Include="usb_config\CJGW_UsbFilterPortConfig.h">
      <Filter>usb_config</Filter>
    </ClInclude>
    <ClInclude Include="..\..\include\JGW_DevicePool\CJGW_DevicePoolModule_Define.h">
      <Filter>头文件</Filter>
    </ClInclude>
  </ItemGroup>
  <ItemGroup>
    <ClCompile Include="stdafx.cpp">
      <Filter>源文件</Filter>
    </ClCompile>
    <ClCompile Include="dllmain.cpp">
      <Filter>源文件</Filter>
    </ClCompile>
    <ClCompile Include="CJGW_DevicePoolThread.cpp">
      <Filter>源文件</Filter>
    </ClCompile>
    <ClCompile Include="CJGW_USBEnumerator.cpp">
      <Filter>源文件</Filter>
    </ClCompile>
    <ClCompile Include="..\JGW_DevicePool\usb_config\CJGW_FilteUsbConfig.cpp">
      <Filter>usb_config</Filter>
    </ClCompile>
    <ClCompile Include="..\JGW_DevicePool\usb_config\CJGW_UsbConfig.cpp">
      <Filter>usb_config</Filter>
    </ClCompile>
    <ClCompile Include="usb_config\CJGW_UsbFilterPortConfig.cpp">
      <Filter>usb_config</Filter>
    </ClCompile>
  </ItemGroup>
</Project>