<?xml version="1.0" encoding="utf-8"?>
<Project ToolsVersion="4.0" xmlns="http://schemas.microsoft.com/developer/msbuild/2003">
  <ItemGroup>
    <Filter Include="源文件">
      <UniqueIdentifier>{4FC737F1-C7A5-4376-A066-2A32D752A2FF}</UniqueIdentifier>
      <Extensions>cpp;c;cc;cxx;def;odl;idl;hpj;bat;asm;asmx</Extensions>
    </Filter>
    <Filter Include="头文件">
      <UniqueIdentifier>{93995380-89BD-4b04-88EB-625FBE52EBFB}</UniqueIdentifier>
      <Extensions>h;hpp;hxx;hm;inl;inc;xsd</Extensions>
    </Filter>
    <Filter Include="资源文件">
      <UniqueIdentifier>{67DA6AB6-F800-4c08-8B7A-83BB121AAD01}</UniqueIdentifier>
      <Extensions>rc;ico;cur;bmp;dlg;rc2;rct;bin;rgs;gif;jpg;jpeg;jpe;resx;tiff;tif;png;wav;mfcribbon-ms</Extensions>
    </Filter>
    <Filter Include="Control">
      <UniqueIdentifier>{8c811708-e54d-49f2-9253-b706a658dd6d}</UniqueIdentifier>
    </Filter>
    <Filter Include="Renderer">
      <UniqueIdentifier>{e8d81e37-d93d-438a-808f-901fc5996597}</UniqueIdentifier>
    </Filter>
    <Filter Include="Browser">
      <UniqueIdentifier>{aa8c9a60-c4cd-4fab-9ac6-4186504e7f47}</UniqueIdentifier>
    </Filter>
  </ItemGroup>
  <ItemGroup>
    <None Include="ReadMe.txt" />
  </ItemGroup>
  <ItemGroup>
    <ClInclude Include="stdafx.h">
      <Filter>头文件</Filter>
    </ClInclude>
    <ClInclude Include="targetver.h">
      <Filter>头文件</Filter>
    </ClInclude>
    <ClInclude Include="UiLibCefHelp.h">
      <Filter>头文件</Filter>
    </ClInclude>
    <ClInclude Include="JGW_Cef3HelpApp.h">
      <Filter>头文件</Filter>
    </ClInclude>
    <ClInclude Include="CefAppDelegate.h">
      <Filter>头文件</Filter>
    </ClInclude>
    <ClInclude Include="client_switches.h">
      <Filter>头文件</Filter>
    </ClInclude>
    <ClInclude Include="JGW_Cef3HelpHandler.h">
      <Filter>头文件</Filter>
    </ClInclude>
    <ClInclude Include="CefHandlerDelegate.h">
      <Filter>头文件</Filter>
    </ClInclude>
    <ClInclude Include="JGW_ZipResResourceProvider.h">
      <Filter>头文件</Filter>
    </ClInclude>
    <ClInclude Include="JGW_Cef3MessageRouterHandler.h">
      <Filter>头文件</Filter>
    </ClInclude>
    <ClInclude Include="extension_util.h">
      <Filter>头文件</Filter>
    </ClInclude>
    <ClInclude Include="JGW_Cef3HandleBindingsRendererDelegate.h">
      <Filter>头文件</Filter>
    </ClInclude>
    <ClInclude Include="performance_test_setup.h">
      <Filter>头文件</Filter>
    </ClInclude>
    <ClInclude Include="CefbrowserWnd.h">
      <Filter>头文件</Filter>
    </ClInclude>
    <ClInclude Include="..\..\include\UiLibCef\UiLibCefExportManager.h">
      <Filter>头文件</Filter>
    </ClInclude>
    <ClInclude Include="..\..\include\UiLibCef\UiLibCefDefine.h">
      <Filter>头文件</Filter>
    </ClInclude>
    <ClInclude Include="..\..\include\UiLibCef\Cef3BrowserUI.h">
      <Filter>Control</Filter>
    </ClInclude>
    <ClInclude Include="CefRendererDelegate.h">
      <Filter>Renderer</Filter>
    </ClInclude>
  </ItemGroup>
  <ItemGroup>
    <ClCompile Include="stdafx.cpp">
      <Filter>源文件</Filter>
    </ClCompile>
    <ClCompile Include="UiLibCef.cpp">
      <Filter>源文件</Filter>
    </ClCompile>
    <ClCompile Include="dllmain.cpp">
      <Filter>源文件</Filter>
    </ClCompile>
    <ClCompile Include="UiLibCefHelp.cpp">
      <Filter>源文件</Filter>
    </ClCompile>
    <ClCompile Include="JGW_Cef3HelpApp.cpp">
      <Filter>源文件</Filter>
    </ClCompile>
    <ClCompile Include="CefAppDelegate.cpp">
      <Filter>源文件</Filter>
    </ClCompile>
    <ClCompile Include="client_switches.cc">
      <Filter>源文件</Filter>
    </ClCompile>
    <ClCompile Include="JGW_Cef3HelpHandler.cpp">
      <Filter>源文件</Filter>
    </ClCompile>
    <ClCompile Include="CefHandlerDelegate.cpp">
      <Filter>源文件</Filter>
    </ClCompile>
    <ClCompile Include="JGW_ZipResResourceProvider.cpp">
      <Filter>源文件</Filter>
    </ClCompile>
    <ClCompile Include="JGW_Cef3MessageRouterHandler.cpp">
      <Filter>源文件</Filter>
    </ClCompile>
    <ClCompile Include="XUnzip.cpp">
      <Filter>源文件</Filter>
    </ClCompile>
    <ClCompile Include="extension_util.cc">
      <Filter>源文件</Filter>
    </ClCompile>
    <ClCompile Include="JGW_Cef3HandleBindingsRendererDelegate.cpp">
      <Filter>源文件</Filter>
    </ClCompile>
    <ClCompile Include="performance_test_tests.cc">
      <Filter>源文件</Filter>
    </ClCompile>
    <ClCompile Include="CefbrowserWnd.cpp">
      <Filter>源文件</Filter>
    </ClCompile>
    <ClCompile Include="Cef3BrowserUI.cpp">
      <Filter>Control</Filter>
    </ClCompile>
    <ClCompile Include="CefRendererDelegate.cpp">
      <Filter>Renderer</Filter>
    </ClCompile>
  </ItemGroup>
</Project>