<?xml version="1.0" encoding="utf-8"?>
<Project ToolsVersion="4.0" xmlns="http://schemas.microsoft.com/developer/msbuild/2003">
  <ItemGroup>
    <Filter Include="源文件">
      <UniqueIdentifier>{4FC737F1-C7A5-4376-A066-2A32D752A2FF}</UniqueIdentifier>
      <Extensions>cpp;c;cc;cxx;def;odl;idl;hpj;bat;asm;asmx</Extensions>
    </Filter>
    <Filter Include="头文件">
      <UniqueIdentifier>{93995380-89BD-4b04-88EB-625FBE52EBFB}</UniqueIdentifier>
      <Extensions>h;hpp;hxx;hm;inl;inc;xsd</Extensions>
    </Filter>
    <Filter Include="资源文件">
      <UniqueIdentifier>{67DA6AB6-F800-4c08-8B7A-83BB121AAD01}</UniqueIdentifier>
      <Extensions>rc;ico;cur;bmp;dlg;rc2;rct;bin;rgs;gif;jpg;jpeg;jpe;resx;tiff;tif;png;wav;mfcribbon-ms</Extensions>
    </Filter>
    <Filter Include="json">
      <UniqueIdentifier>{24e8eedb-12a4-4a01-90d5-04942e7bdf26}</UniqueIdentifier>
    </Filter>
    <Filter Include="json\tse">
      <UniqueIdentifier>{05f09214-3506-4b14-ada3-0418329f7da1}</UniqueIdentifier>
    </Filter>
  </ItemGroup>
  <ItemGroup>
    <None Include="ReadMe.txt" />
  </ItemGroup>
  <ItemGroup>
    <ClInclude Include="stdafx.h">
      <Filter>头文件</Filter>
    </ClInclude>
    <ClInclude Include="targetver.h">
      <Filter>头文件</Filter>
    </ClInclude>
    <ClInclude Include="..\..\include\JGW_CSharpModule\JGW_CSharpModuleExport.h">
      <Filter>头文件</Filter>
    </ClInclude>
    <ClInclude Include="..\..\include\JGW_CSharpModule\CJGW_CSharpCommunicationBase.h">
      <Filter>头文件</Filter>
    </ClInclude>
    <ClInclude Include="JGW_CSharpModuleThread.h">
      <Filter>头文件</Filter>
    </ClInclude>
    <ClInclude Include="CJGW_CSharpModuleDefine.h">
      <Filter>头文件</Filter>
    </ClInclude>
    <ClInclude Include="JGW_PipeCommunication.h">
      <Filter>头文件</Filter>
    </ClInclude>
    <ClInclude Include="CJGW_CSharpBaseRequstJson.h">
      <Filter>json</Filter>
    </ClInclude>
    <ClInclude Include="CJGW_CSharpRequstJson.h">
      <Filter>json</Filter>
    </ClInclude>
    <ClInclude Include="CJGW_CheckSNStatusRequstJson.h">
      <Filter>json</Filter>
    </ClInclude>
    <ClInclude Include="CJGW_FTM_Json.h">
      <Filter>json</Filter>
    </ClInclude>
    <ClInclude Include="CJGW_GetIMEIInfoRequstJson.h">
      <Filter>json</Filter>
    </ClInclude>
    <ClInclude Include="CJGW_GetSNInfoRequstJson.h">
      <Filter>json</Filter>
    </ClInclude>
    <ClInclude Include="resource.h">
      <Filter>头文件</Filter>
    </ClInclude>
    <ClInclude Include="CJGW_NextSNStationRequstJson.h">
      <Filter>json</Filter>
    </ClInclude>
    <ClInclude Include="CJGW_NextIMEIStationRequstJson.h">
      <Filter>json</Filter>
    </ClInclude>
    <ClInclude Include="CJGW_SaveTestRecordsRequstJson.h">
      <Filter>json</Filter>
    </ClInclude>
    <ClInclude Include="CJGW_GetGetEnvironmentValueReqJson.h">
      <Filter>json\tse</Filter>
    </ClInclude>
    <ClInclude Include="CJGW_RunTSETestReqJson.h">
      <Filter>json\tse</Filter>
    </ClInclude>
    <ClInclude Include="CJGW_SetEnvironmentValueReqJson.h">
      <Filter>json\tse</Filter>
    </ClInclude>
    <ClInclude Include="CJGW_UpdateLogReqJson.h">
      <Filter>json\tse</Filter>
    </ClInclude>
    <ClInclude Include="CJGW_UpdateSuiteParamReqJson.h">
      <Filter>json\tse</Filter>
    </ClInclude>
    <ClInclude Include="CJGW_CreateSuiteProjectReqJson.h">
      <Filter>json\tse</Filter>
    </ClInclude>
  </ItemGroup>
  <ItemGroup>
    <ClCompile Include="stdafx.cpp">
      <Filter>源文件</Filter>
    </ClCompile>
    <ClCompile Include="dllmain.cpp">
      <Filter>源文件</Filter>
    </ClCompile>
    <ClCompile Include="JGW_CSharpModuleThread.cpp">
      <Filter>源文件</Filter>
    </ClCompile>
    <ClCompile Include="JGW_PipeCommunication.cpp">
      <Filter>源文件</Filter>
    </ClCompile>
    <ClCompile Include="CJGW_CSharpBaseRequstJson.cpp">
      <Filter>json</Filter>
    </ClCompile>
    <ClCompile Include="CJGW_CSharpRequstJson.cpp">
      <Filter>json</Filter>
    </ClCompile>
    <ClCompile Include="CJGW_CheckSNStatusRequstJson.cpp">
      <Filter>json</Filter>
    </ClCompile>
    <ClCompile Include="CJGW_FTM_Json.cpp">
      <Filter>json</Filter>
    </ClCompile>
    <ClCompile Include="CJGW_GetIMEIInfoRequstJson.cpp">
      <Filter>json</Filter>
    </ClCompile>
    <ClCompile Include="CJGW_GetSNInfoRequstJson.cpp">
      <Filter>json</Filter>
    </ClCompile>
    <ClCompile Include="CJGW_SaveTestRecordsRequstJson.cpp">
      <Filter>json</Filter>
    </ClCompile>
    <ClCompile Include="CJGW_NextSNStationRequstJson.cpp">
      <Filter>json</Filter>
    </ClCompile>
    <ClCompile Include="CJGW_NextIMEIStationRequstJson.cpp">
      <Filter>json</Filter>
    </ClCompile>
    <ClCompile Include="CJGW_UpdateLogReqJson.cpp">
      <Filter>json\tse</Filter>
    </ClCompile>
    <ClCompile Include="CJGW_SetEnvironmentValueReqJson.cpp">
      <Filter>json\tse</Filter>
    </ClCompile>
    <ClCompile Include="CJGW_GetGetEnvironmentValueReqJson.cpp">
      <Filter>json\tse</Filter>
    </ClCompile>
    <ClCompile Include="CJGW_RunTSETestReqJson.cpp">
      <Filter>json\tse</Filter>
    </ClCompile>
    <ClCompile Include="CJGW_UpdateSuiteParamReqJson.cpp">
      <Filter>json\tse</Filter>
    </ClCompile>
    <ClCompile Include="CJGW_CreateSuiteProjectReqJson.cpp">
      <Filter>json\tse</Filter>
    </ClCompile>
    <ClCompile Include="JGW_CSharpModuleExport.cpp">
      <Filter>源文件</Filter>
    </ClCompile>
  </ItemGroup>
</Project>