<?xml version="1.0" encoding="utf-8"?>
<Project ToolsVersion="4.0" xmlns="http://schemas.microsoft.com/developer/msbuild/2003">
  <ItemGroup>
    <Filter Include="源文件">
      <UniqueIdentifier>{4FC737F1-C7A5-4376-A066-2A32D752A2FF}</UniqueIdentifier>
      <Extensions>cpp;c;cc;cxx;def;odl;idl;hpj;bat;asm;asmx</Extensions>
    </Filter>
    <Filter Include="头文件">
      <UniqueIdentifier>{93995380-89BD-4b04-88EB-625FBE52EBFB}</UniqueIdentifier>
      <Extensions>h;hpp;hxx;hm;inl;inc;xsd</Extensions>
    </Filter>
    <Filter Include="资源文件">
      <UniqueIdentifier>{67DA6AB6-F800-4c08-8B7A-83BB121AAD01}</UniqueIdentifier>
      <Extensions>rc;ico;cur;bmp;dlg;rc2;rct;bin;rgs;gif;jpg;jpeg;jpe;resx;tiff;tif;png;wav;mfcribbon-ms</Extensions>
    </Filter>
    <Filter Include="wke">
      <UniqueIdentifier>{67037b1e-68da-44dd-9494-e4591c5eaf88}</UniqueIdentifier>
    </Filter>
    <Filter Include="Turntable">
      <UniqueIdentifier>{bd8c5417-9b00-44a5-884f-557115b8b24d}</UniqueIdentifier>
    </Filter>
    <Filter Include="Attenuator">
      <UniqueIdentifier>{aa1c2862-33ae-4353-af6f-82d1cd1c1b21}</UniqueIdentifier>
    </Filter>
    <Filter Include="Sector">
      <UniqueIdentifier>{f126fa8c-0070-4c1b-bec0-67c518cb80ec}</UniqueIdentifier>
    </Filter>
  </ItemGroup>
  <ItemGroup>
    <None Include="ReadMe.txt" />
    <None Include="small.ico">
      <Filter>资源文件</Filter>
    </None>
    <None Include="JGW_IperfTool.ico">
      <Filter>资源文件</Filter>
    </None>
    <None Include="..\..\..\platform_skin\ThroughputTestTool.zip" />
  </ItemGroup>
  <ItemGroup>
    <ClInclude Include="stdafx.h">
      <Filter>头文件</Filter>
    </ClInclude>
    <ClInclude Include="targetver.h">
      <Filter>头文件</Filter>
    </ClInclude>
    <ClInclude Include="Resource.h">
      <Filter>头文件</Filter>
    </ClInclude>
    <ClInclude Include="CJGW_IperfToolDlg.h">
      <Filter>头文件</Filter>
    </ClInclude>
    <ClInclude Include="CJGW_IPERF_TOOL_DEFINE.h">
      <Filter>头文件</Filter>
    </ClInclude>
    <ClInclude Include="CJGW_IperfToolController.h">
      <Filter>头文件</Filter>
    </ClInclude>
    <ClInclude Include="CJGW_IperfTestThread.h">
      <Filter>头文件</Filter>
    </ClInclude>
    <ClInclude Include="SCLLibHelper.h">
      <Filter>Turntable</Filter>
    </ClInclude>
    <ClInclude Include="CJGW_AttenuatorSettingDlg.h">
      <Filter>Attenuator</Filter>
    </ClInclude>
    <ClInclude Include="CJGW_TruntableSettingDlg.h">
      <Filter>Turntable</Filter>
    </ClInclude>
    <ClInclude Include="CJGW_AttenuatorRangeConfigDlg.h">
      <Filter>Attenuator</Filter>
    </ClInclude>
    <ClInclude Include="CJGW_TrunTableRangeConfigDlg.h">
      <Filter>Turntable</Filter>
    </ClInclude>
    <ClInclude Include="UIWkeWindowlessBrowser.h">
      <Filter>wke</Filter>
    </ClInclude>
    <ClInclude Include="CJGW_TRxSectorDlg.h">
      <Filter>Sector</Filter>
    </ClInclude>
  </ItemGroup>
  <ItemGroup>
    <ClCompile Include="stdafx.cpp">
      <Filter>源文件</Filter>
    </ClCompile>
    <ClCompile Include="main.cpp">
      <Filter>源文件</Filter>
    </ClCompile>
    <ClCompile Include="CJGW_IperfToolDlg.cpp">
      <Filter>源文件</Filter>
    </ClCompile>
    <ClCompile Include="CJGW_IperfToolController.cpp">
      <Filter>源文件</Filter>
    </ClCompile>
    <ClCompile Include="CJGW_IperfTestThread.cpp">
      <Filter>源文件</Filter>
    </ClCompile>
    <ClCompile Include="SCLLibHelper.cpp">
      <Filter>Turntable</Filter>
    </ClCompile>
    <ClCompile Include="CJGW_AttenuatorSettingDlg.cpp">
      <Filter>Attenuator</Filter>
    </ClCompile>
    <ClCompile Include="CJGW_TruntableSettingDlg.cpp">
      <Filter>Turntable</Filter>
    </ClCompile>
    <ClCompile Include="CJGW_AttenuatorRangeConfigDlg.cpp">
      <Filter>Attenuator</Filter>
    </ClCompile>
    <ClCompile Include="CJGW_TrunTableRangeConfigDlg.cpp">
      <Filter>Turntable</Filter>
    </ClCompile>
    <ClCompile Include="UIWkeWindowlessBrowser.cpp">
      <Filter>wke</Filter>
    </ClCompile>
    <ClCompile Include="CJGW_TRxSectorDlg.cpp">
      <Filter>Sector</Filter>
    </ClCompile>
    <ClCompile Include="..\..\..\platform_library\library\JGW_FoundationFunc\JGW_ApplicationDecrypt.cpp">
      <Filter>源文件</Filter>
    </ClCompile>
  </ItemGroup>
  <ItemGroup>
    <ResourceCompile Include="JGW_IperfTool.rc">
      <Filter>资源文件</Filter>
    </ResourceCompile>
  </ItemGroup>
</Project>