<?xml version="1.0" encoding="utf-8"?>
<Project ToolsVersion="4.0" xmlns="http://schemas.microsoft.com/developer/msbuild/2003">
  <ItemGroup>
    <Filter Include="源文件">
      <UniqueIdentifier>{4FC737F1-C7A5-4376-A066-2A32D752A2FF}</UniqueIdentifier>
      <Extensions>cpp;c;cc;cxx;def;odl;idl;hpj;bat;asm;asmx</Extensions>
    </Filter>
    <Filter Include="头文件">
      <UniqueIdentifier>{93995380-89BD-4b04-88EB-625FBE52EBFB}</UniqueIdentifier>
      <Extensions>h;hpp;hxx;hm;inl;inc;xsd</Extensions>
    </Filter>
    <Filter Include="资源文件">
      <UniqueIdentifier>{67DA6AB6-F800-4c08-8B7A-83BB121AAD01}</UniqueIdentifier>
      <Extensions>rc;ico;cur;bmp;dlg;rc2;rct;bin;rgs;gif;jpg;jpeg;jpe;resx;tiff;tif;png;wav;mfcribbon-ms</Extensions>
    </Filter>
    <Filter Include="net">
      <UniqueIdentifier>{613dc837-3ef3-4dde-86f7-87fdaba74b63}</UniqueIdentifier>
    </Filter>
    <Filter Include="config">
      <UniqueIdentifier>{99f1d910-1bd4-4fda-8258-72a269ea00d6}</UniqueIdentifier>
    </Filter>
  </ItemGroup>
  <ItemGroup>
    <None Include="ReadMe.txt" />
  </ItemGroup>
  <ItemGroup>
    <ClInclude Include="stdafx.h">
      <Filter>头文件</Filter>
    </ClInclude>
    <ClInclude Include="targetver.h">
      <Filter>头文件</Filter>
    </ClInclude>
    <ClInclude Include="CTSEAPSMultiUpgradePluginView.h">
      <Filter>头文件</Filter>
    </ClInclude>
    <ClInclude Include="CTSEAPSMultiUpgreadManageThread.h">
      <Filter>头文件</Filter>
    </ClInclude>
    <ClInclude Include="CTSEAPS_UpgradeDefine.h">
      <Filter>头文件</Filter>
    </ClInclude>
    <ClInclude Include="AdapterCommon.h">
      <Filter>net</Filter>
    </ClInclude>
    <ClInclude Include="CTSE_UpgradeThread.h">
      <Filter>头文件</Filter>
    </ClInclude>
    <ClInclude Include="CJGW_LanSortConfig.h">
      <Filter>config</Filter>
    </ClInclude>
    <ClInclude Include="CJGW_APSUpgradeConfigDlg.h">
      <Filter>config</Filter>
    </ClInclude>
  </ItemGroup>
  <ItemGroup>
    <ClCompile Include="stdafx.cpp">
      <Filter>源文件</Filter>
    </ClCompile>
    <ClCompile Include="dllmain.cpp">
      <Filter>源文件</Filter>
    </ClCompile>
    <ClCompile Include="CTSEAPSMultiUpgradePluginView.cpp">
      <Filter>源文件</Filter>
    </ClCompile>
    <ClCompile Include="CTSEAPSMultiUpgreadManageThread.cpp">
      <Filter>源文件</Filter>
    </ClCompile>
    <ClCompile Include="AdapterCommon.cpp">
      <Filter>net</Filter>
    </ClCompile>
    <ClCompile Include="CTSE_UpgradeThread.cpp">
      <Filter>源文件</Filter>
    </ClCompile>
    <ClCompile Include="CJGW_LanSortConfig.cpp">
      <Filter>config</Filter>
    </ClCompile>
    <ClCompile Include="CJGW_APSUpgradeConfigDlg.cpp">
      <Filter>config</Filter>
    </ClCompile>
  </ItemGroup>
</Project>