<?xml version="1.0" encoding="utf-8"?>
<Project ToolsVersion="4.0" xmlns="http://schemas.microsoft.com/developer/msbuild/2003">
  <ItemGroup>
    <Filter Include="源文件">
      <UniqueIdentifier>{4FC737F1-C7A5-4376-A066-2A32D752A2FF}</UniqueIdentifier>
      <Extensions>cpp;c;cc;cxx;def;odl;idl;hpj;bat;asm;asmx</Extensions>
    </Filter>
    <Filter Include="头文件">
      <UniqueIdentifier>{93995380-89BD-4b04-88EB-625FBE52EBFB}</UniqueIdentifier>
      <Extensions>h;hpp;hxx;hm;inl;inc;xsd</Extensions>
    </Filter>
    <Filter Include="资源文件">
      <UniqueIdentifier>{67DA6AB6-F800-4c08-8B7A-83BB121AAD01}</UniqueIdentifier>
      <Extensions>rc;ico;cur;bmp;dlg;rc2;rct;bin;rgs;gif;jpg;jpeg;jpe;resx;tiff;tif;png;wav;mfcribbon-ms</Extensions>
    </Filter>
    <Filter Include="wke">
      <UniqueIdentifier>{e9b88f75-3fb5-47da-8b6e-ec634a4ed005}</UniqueIdentifier>
    </Filter>
    <Filter Include="iperf">
      <UniqueIdentifier>{544f75c1-c13d-40d7-a794-5f6fb6f4f2b1}</UniqueIdentifier>
    </Filter>
  </ItemGroup>
  <ItemGroup>
    <None Include="ReadMe.txt" />
    <None Include="small.ico">
      <Filter>资源文件</Filter>
    </None>
    <None Include="JGW_ThroughputTestTool2.ico">
      <Filter>资源文件</Filter>
    </None>
    <None Include="..\..\..\platform_skin\ThroughputTestTool2.zip" />
  </ItemGroup>
  <ItemGroup>
    <ClInclude Include="stdafx.h">
      <Filter>头文件</Filter>
    </ClInclude>
    <ClInclude Include="targetver.h">
      <Filter>头文件</Filter>
    </ClInclude>
    <ClInclude Include="Resource.h">
      <Filter>头文件</Filter>
    </ClInclude>
    <ClInclude Include="CJGW_ThroughputTestToolDlg2.h">
      <Filter>头文件</Filter>
    </ClInclude>
    <ClInclude Include="UIWkeWindowlessBrowser.h">
      <Filter>wke</Filter>
    </ClInclude>
    <ClInclude Include="CJGW_ThroughputTestTool2Controller.h">
      <Filter>头文件</Filter>
    </ClInclude>
    <ClInclude Include="RedirectConsole.h">
      <Filter>iperf</Filter>
    </ClInclude>
    <ClInclude Include="SendPipeCommand.h">
      <Filter>iperf</Filter>
    </ClInclude>
    <ClInclude Include="CJGW_Iperf3Command.h">
      <Filter>iperf</Filter>
    </ClInclude>
    <ClInclude Include="JGW_ThroughputTestTool2Define.h">
      <Filter>头文件</Filter>
    </ClInclude>
    <ClInclude Include="CJGW_ThroughputTestThread.h">
      <Filter>头文件</Filter>
    </ClInclude>
    <ClInclude Include="CJGW_MobilePhoneClientSocketThread.h">
      <Filter>头文件</Filter>
    </ClInclude>
    <ClInclude Include="CJGW_IPQSshThread.h">
      <Filter>头文件</Filter>
    </ClInclude>
  </ItemGroup>
  <ItemGroup>
    <ClCompile Include="stdafx.cpp">
      <Filter>源文件</Filter>
    </ClCompile>
    <ClCompile Include="main.cpp">
      <Filter>源文件</Filter>
    </ClCompile>
    <ClCompile Include="CJGW_ThroughputTestToolDlg2.cpp">
      <Filter>源文件</Filter>
    </ClCompile>
    <ClCompile Include="UIWkeWindowlessBrowser.cpp">
      <Filter>wke</Filter>
    </ClCompile>
    <ClCompile Include="CJGW_ThroughputTestTool2Controller.cpp">
      <Filter>源文件</Filter>
    </ClCompile>
    <ClCompile Include="RedirectConsole.cpp">
      <Filter>iperf</Filter>
    </ClCompile>
    <ClCompile Include="SendPipeCommand.cpp">
      <Filter>iperf</Filter>
    </ClCompile>
    <ClCompile Include="CJGW_Iperf3Command.cpp">
      <Filter>iperf</Filter>
    </ClCompile>
    <ClCompile Include="..\..\..\platform_library\library\JGW_FoundationFunc\JGW_ApplicationDecrypt.cpp">
      <Filter>源文件</Filter>
    </ClCompile>
    <ClCompile Include="CJGW_ThroughputTestThread.cpp">
      <Filter>源文件</Filter>
    </ClCompile>
    <ClCompile Include="CJGW_MobilePhoneClientSocketThread.cpp">
      <Filter>源文件</Filter>
    </ClCompile>
    <ClCompile Include="CJGW_IPQSshThread.cpp">
      <Filter>源文件</Filter>
    </ClCompile>
  </ItemGroup>
  <ItemGroup>
    <ResourceCompile Include="JGW_ThroughputTestTool2.rc">
      <Filter>资源文件</Filter>
    </ResourceCompile>
  </ItemGroup>
</Project>