<?xml version="1.0" encoding="utf-8"?>
<Project ToolsVersion="4.0" xmlns="http://schemas.microsoft.com/developer/msbuild/2003">
  <ItemGroup>
    <Filter Include="源文件">
      <UniqueIdentifier>{4FC737F1-C7A5-4376-A066-2A32D752A2FF}</UniqueIdentifier>
      <Extensions>cpp;c;cc;cxx;def;odl;idl;hpj;bat;asm;asmx</Extensions>
    </Filter>
    <Filter Include="头文件">
      <UniqueIdentifier>{93995380-89BD-4b04-88EB-625FBE52EBFB}</UniqueIdentifier>
      <Extensions>h;hpp;hxx;hm;inl;inc;xsd</Extensions>
    </Filter>
    <Filter Include="资源文件">
      <UniqueIdentifier>{67DA6AB6-F800-4c08-8B7A-83BB121AAD01}</UniqueIdentifier>
      <Extensions>rc;ico;cur;bmp;dlg;rc2;rct;bin;rgs;gif;jpg;jpeg;jpe;resx;tiff;tif;png;wav;mfcribbon-ms</Extensions>
    </Filter>
    <Filter Include="prs">
      <UniqueIdentifier>{92cb2144-410e-4162-9f5c-0fbbe6fd2372}</UniqueIdentifier>
    </Filter>
    <Filter Include="common">
      <UniqueIdentifier>{d5100ad7-7486-4d6c-b987-64f98531c960}</UniqueIdentifier>
    </Filter>
    <Filter Include="common\source">
      <UniqueIdentifier>{68dd747d-5ba5-4e9e-9f64-4f6c281da704}</UniqueIdentifier>
    </Filter>
    <Filter Include="common\include">
      <UniqueIdentifier>{86edad15-c59c-4586-bb7e-1a80446b2d33}</UniqueIdentifier>
    </Filter>
  </ItemGroup>
  <ItemGroup>
    <None Include="ReadMe.txt" />
  </ItemGroup>
  <ItemGroup>
    <ClInclude Include="stdafx.h">
      <Filter>头文件</Filter>
    </ClInclude>
    <ClInclude Include="targetver.h">
      <Filter>头文件</Filter>
    </ClInclude>
    <ClInclude Include="prs\prs_version.h">
      <Filter>prs</Filter>
    </ClInclude>
    <ClInclude Include="prs\serial.h">
      <Filter>prs</Filter>
    </ClInclude>
    <ClInclude Include="common\include\common_defs.h">
      <Filter>common\include</Filter>
    </ClInclude>
    <ClInclude Include="PumaDownload_Define.h">
      <Filter>头文件</Filter>
    </ClInclude>
    <ClInclude Include="CJGW_PumaImageFmtData.h">
      <Filter>头文件</Filter>
    </ClInclude>
    <ClInclude Include="CJGW_DownloadPumaAsioSerialPort.h">
      <Filter>头文件</Filter>
    </ClInclude>
  </ItemGroup>
  <ItemGroup>
    <ClCompile Include="stdafx.cpp">
      <Filter>源文件</Filter>
    </ClCompile>
    <ClCompile Include="JGW_PumaDownLoad.cpp">
      <Filter>源文件</Filter>
    </ClCompile>
    <ClCompile Include="common\source\common.cpp">
      <Filter>common\source</Filter>
    </ClCompile>
    <ClCompile Include="prs\prs_download_flash.cpp">
      <Filter>prs</Filter>
    </ClCompile>
    <ClCompile Include="prs\serial.cpp">
      <Filter>prs</Filter>
    </ClCompile>
    <ClCompile Include="CJGW_PumaImageFmtData.cpp">
      <Filter>源文件</Filter>
    </ClCompile>
    <ClCompile Include="CJGW_DownloadPumaAsioSerialPort.cpp">
      <Filter>源文件</Filter>
    </ClCompile>
  </ItemGroup>
</Project>